
Microsoft Visual Studio Solution File, Format Version 12.00
# Visual Studio Version 17
VisualStudioVersion = 17.11.35327.3
MinimumVisualStudioVersion = 10.0.40219.1
Project("{FAE04EC0-301F-11D3-BF4B-00C04F79EFBC}") = "Compte Bancaire", "Compte Bancaire\Compte Bancaire.csproj", "{750DE913-8451-4729-9B5A-C7269EEA2A22}"
EndProject
Global
	GlobalSection(SolutionConfigurationPlatforms) = preSolution
		Debug|Any CPU = Debug|Any CPU
		Release|Any CPU = Release|Any CPU
	EndGlobalSection
	GlobalSection(ProjectConfigurationPlatforms) = postSolution
		{750DE913-8451-4729-9B5A-C7269EEA2A22}.Debug|Any CPU.ActiveCfg = Debug|Any CPU
		{750DE913-8451-4729-9B5A-C7269EEA2A22}.Debug|Any CPU.Build.0 = Debug|Any CPU
		{750DE913-8451-4729-9B5A-C7269EEA2A22}.Release|Any CPU.ActiveCfg = Release|Any CPU
		{750DE913-8451-4729-9B5A-C7269EEA2A22}.Release|Any CPU.Build.0 = Release|Any CPU
	EndGlobalSection
	GlobalSection(SolutionProperties) = preSolution
		HideSolutionNode = FALSE
	EndGlobalSection
	GlobalSection(ExtensibilityGlobals) = postSolution
		SolutionGuid = {ECA7A650-D118-48EE-991C-0815A5269F0D}
	EndGlobalSection
EndGlobal
